// !$*UTF8*$!
{
	archiveVersion = 1;
	classes = {
	};
	objectVersion = 46;
	objects = {

/* Begin PBXBuildFile section */
		CB8622801DEE9FE6003B3EBB /* AppDelegate.swift in Sources */ = {isa = PBXBuildFile; fileRef = CB86227F1DEE9FE6003B3EBB /* AppDelegate.swift */; };
		CB8622821DEE9FE6003B3EBB /* ViewController.swift in Sources */ = {isa = PBXBuildFile; fileRef = CB8622811DEE9FE6003B3EBB /* ViewController.swift */; };
		CB8622851DEE9FE6003B3EBB /* Main.storyboard in Resources */ = {isa = PBXBuildFile; fileRef = CB8622831DEE9FE6003B3EBB /* Main.storyboard */; };
		CB8622881DEE9FE7003B3EBB /* CoreDataNew.xcdatamodeld in Sources */ = {isa = PBXBuildFile; fileRef = CB8622861DEE9FE7003B3EBB /* CoreDataNew.xcdatamodeld */; };
		CB86228A1DEE9FE7003B3EBB /* Assets.xcassets in Resources */ = {isa = PBXBuildFile; fileRef = CB8622891DEE9FE7003B3EBB /* Assets.xcassets */; };
		CB86228D1DEE9FE7003B3EBB /* LaunchScreen.storyboard in Resources */ = {isa = PBXBuildFile; fileRef = CB86228B1DEE9FE7003B3EBB /* LaunchScreen.storyboard */; };
/* End PBXBuildFile section */

/* Begin PBXFileReference section */
		CB86227C1DEE9FE6003B3EBB /* CoreDataNew.app */ = {isa = PBXFileReference; explicitFileType = wrapper.application; includeInIndex = 0; path = CoreDataNew.app; sourceTree = BUILT_PRODUCTS_DIR; };
		CB86227F1DEE9FE6003B3EBB /* AppDelegate.swift */ = {isa = PBXFileReference; lastKnownFileType = sourcecode.swift; path = AppDelegate.swift; sourceTree = "<group>"; };
		CB8622811DEE9FE6003B3EBB /* ViewController.swift */ = {isa = PBXFileReference; lastKnownFileType = sourcecode.swift; path = ViewController.swift; sourceTree = "<group>"; };
		CB8622841DEE9FE6003B3EBB /* Base */ = {isa = PBXFileReference; lastKnownFileType = file.storyboard; name = Base; path = Base.lproj/Main.storyboard; sourceTree = "<group>"; };
		CB8622871DEE9FE7003B3EBB /* CoreDataNew.xcdatamodel */ = {isa = PBXFileReference; lastKnownFileType = wrapper.xcdatamodel; path = CoreDataNew.xcdatamodel; sourceTree = "<group>"; };
		CB8622891DEE9FE7003B3EBB /* Assets.xcassets */ = {isa = PBXFileReference; lastKnownFileType = folder.assetcatalog; path = Assets.xcassets; sourceTree = "<group>"; };
		CB86228C1DEE9FE7003B3EBB /* Base */ = {isa = PBXFileReference; lastKnownFileType = file.storyboard; name = Base; path = Base.lproj/LaunchScreen.storyboard; sourceTree = "<group>"; };
		CB86228E1DEE9FE7003B3EBB /* Info.plist */ = {isa = PBXFileReference; lastKnownFileType = text.plist.xml; path = Info.plist; sourceTree = "<group>"; };
/* End PBXFileReference section */

/* Begin PBXFrameworksBuildPhase section */
		CB8622791DEE9FE6003B3EBB /* Frameworks */ = {
			isa = PBXFrameworksBuildPhase;
			buildActionMask = 2147483647;
			files = (
			);
			runOnlyForDeploymentPostprocessing = 0;
		};
/* End PBXFrameworksBuildPhase section */

/* Begin PBXGroup section */
		CB8622731DEE9FE6003B3EBB = {
			isa = PBXGroup;
			children = (
				CB86227E1DEE9FE6003B3EBB /* CoreDataNew */,
				CB86227D1DEE9FE6003B3EBB /* Products */,
			);
			sourceTree = "<group>";
		};
		CB86227D1DEE9FE6003B3EBB /* Products */ = {
			isa = PBXGroup;
			children = (
				CB86227C1DEE9FE6003B3EBB /* CoreDataNew.app */,
			);
			name = Products;
			sourceTree = "<group>";
		};
		CB86227E1DEE9FE6003B3EBB /* CoreDataNew */ = {
			isa = PBXGroup;
			children = (
				CB86227F1DEE9FE6003B3EBB /* AppDelegate.swift */,
				CB8622811DEE9FE6003B3EBB /* ViewController.swift */,
				CB8622831DEE9FE6003B3EBB /* Main.storyboard */,
				CB8622891DEE9FE7003B3EBB /* Assets.xcassets */,
				CB86228B1DEE9FE7003B3EBB /* LaunchScreen.storyboard */,
				CB86228E1DEE9FE7003B3EBB /* Info.plist */,
				CB8622861DEE9FE7003B3EBB /* CoreDataNew.xcdatamodeld */,
			);
			path = CoreDataNew;
			sourceTree = "<group>";
		};
/* End PBXGroup section */

/* Begin PBXNativeTarget section */
		CB86227B1DEE9FE6003B3EBB /* CoreDataNew */ = {
			isa = PBXNativeTarget;
			buildConfigurationList = CB8622911DEE9FE7003B3EBB /* Build configuration list for PBXNativeTarget "CoreDataNew" */;
			buildPhases = (
				CB8622781DEE9FE6003B3EBB /* Sources */,
				CB8622791DEE9FE6003B3EBB /* Frameworks */,
				CB86227A1DEE9FE6003B3EBB /* Resources */,
			);
			buildRules = (
			);
			dependencies = (
			);
			name = CoreDataNew;
			productName = CoreDataNew;
			productReference = CB86227C1DEE9FE6003B3EBB /* CoreDataNew.app */;
			productType = "com.apple.product-type.application";
		};
/* End PBXNativeTarget section */

/* Begin PBXProject section */
		CB8622741DEE9FE6003B3EBB /* Project object */ = {
			isa = PBXProject;
			attributes = {
				LastSwiftUpdateCheck = 0800;
				LastUpgradeCheck = 0800;
				ORGANIZATIONNAME = "Chandramouli, Bharath Kumar";
				TargetAttributes = {
					CB86227B1DEE9FE6003B3EBB = {
						CreatedOnToolsVersion = 8.0;
						ProvisioningStyle = Automatic;
					};
				};
			};
			buildConfigurationList = CB8622771DEE9FE6003B3EBB /* Build configuration list for PBXProject "CoreDataNew" */;
			compatibilityVersion = "Xcode 3.2";
			developmentRegion = English;
			hasScannedForEncodings = 0;
			knownRegions = (
				en,
				Base,
			);
			mainGroup = CB8622731DEE9FE6003B3EBB;
			productRefGroup = CB86227D1DEE9FE6003B3EBB /* Products */;
			projectDirPath = "";
			projectRoot = "";
			targets = (
				CB86227B1DEE9FE6003B3EBB /* CoreDataNew */,
			);
		};
/* End PBXProject section */

/* Begin PBXResourcesBuildPhase section */
		CB86227A1DEE9FE6003B3EBB /* Resources */ = {
			isa = PBXResourcesBuildPhase;
			buildActionMask = 2147483647;
			files = (
				CB86228D1DEE9FE7003B3EBB /* LaunchScreen.storyboard in Resources */,
				CB86228A1DEE9FE7003B3EBB /* Assets.xcassets in Resources */,
				CB8622851DEE9FE6003B3EBB /* Main.storyboard in Resources */,
			);
			runOnlyForDeploymentPostprocessing = 0;
		};
/* End PBXResourcesBuildPhase section */

/* Begin PBXSourcesBuildPhase section */
		CB8622781DEE9FE6003B3EBB /* Sources */ = {
			isa = PBXSourcesBuildPhase;
			buildActionMask = 2147483647;
			files = (
				CB8622881DEE9FE7003B3EBB /* CoreDataNew.xcdatamodeld in Sources */,
				CB8622821DEE9FE6003B3EBB /* ViewController.swift in Sources */,
				CB8622801DEE9FE6003B3EBB /* AppDelegate.swift in Sources */,
			);
			runOnlyForDeploymentPostprocessing = 0;
		};
/* End PBXSourcesBuildPhase section */

/* Begin PBXVariantGroup section */
		CB8622831DEE9FE6003B3EBB /* Main.storyboard */ = {
			isa = PBXVariantGroup;
			children = (
				CB8622841DEE9FE6003B3EBB /* Base */,
			);
			name = Main.storyboard;
			sourceTree = "<group>";
		};
		CB86228B1DEE9FE7003B3EBB /* LaunchScreen.storyboard */ = {
			isa = PBXVariantGroup;
			children = (
				CB86228C1DEE9FE7003B3EBB /* Base */,
			);
			name = LaunchScreen.storyboard;
			sourceTree = "<group>";
		};
/* End PBXVariantGroup section */

/* Begin XCBuildConfiguration section */
		CB86228F1DEE9FE7003B3EBB /* Debug */ = {
			isa = XCBuildConfiguration;
			buildSettings = {
				ALWAYS_SEARCH_USER_PATHS = NO;
				CLANG_ANALYZER_NONNULL = YES;
				CLANG_CXX_LANGUAGE_STANDARD = "gnu++0x";
				CLANG_CXX_LIBRARY = "libc++";
				CLANG_ENABLE_MODULES = YES;
				CLANG_ENABLE_OBJC_ARC = YES;
				CLANG_WARN_BOOL_CONVERSION = YES;
				CLANG_WARN_CONSTANT_CONVERSION = YES;
				CLANG_WARN_DIRECT_OBJC_ISA_USAGE = YES_ERROR;
				CLANG_WARN_DOCUMENTATION_COMMENTS = YES;
				CLANG_WARN_EMPTY_BODY = YES;
				CLANG_WARN_ENUM_CONVERSION = YES;
				CLANG_WARN_INFINITE_RECURSION = YES;
				CLANG_WARN_INT_CONVERSION = YES;
				CLANG_WARN_OBJC_ROOT_CLASS = YES_ERROR;
				CLANG_WARN_SUSPICIOUS_MOVES = YES;
				CLANG_WARN_UNREACHABLE_CODE = YES;
				CLANG_WARN__DUPLICATE_METHOD_MATCH = YES;
				"CODE_SIGN_IDENTITY[sdk=iphoneos*]" = "iPhone Developer";
				COPY_PHASE_STRIP = NO;
				DEBUG_INFORMATION_FORMAT = dwarf;
				ENABLE_STRICT_OBJC_MSGSEND = YES;
				ENABLE_TESTABILITY = YES;
				GCC_C_LANGUAGE_STANDARD = gnu99;
				GCC_DYNAMIC_NO_PIC = NO;
				GCC_NO_COMMON_BLOCKS = YES;
				GCC_OPTIMIZATION_LEVEL = 0;
				GCC_PREPROCESSOR_DEFINITIONS = (
					"DEBUG=1",
					"$(inherited)",
				);
				GCC_WARN_64_TO_32_BIT_CONVERSION = YES;
				GCC_WARN_ABOUT_RETURN_TYPE = YES_ERROR;
				GCC_WARN_UNDECLARED_SELECTOR = YES;
				GCC_WARN_UNINITIALIZED_AUTOS = YES_AGGRESSIVE;
				GCC_WARN_UNUSED_FUNCTION = YES;
				GCC_WARN_UNUSED_VARIABLE = YES;
				IPHONEOS_DEPLOYMENT_TARGET = 10.0;
				MTL_ENABLE_DEBUG_INFO = YES;
				ONLY_ACTIVE_ARCH = YES;
				SDKROOT = iphoneos;
				SWIFT_ACTIVE_COMPILATION_CONDITIONS = DEBUG;
				SWIFT_OPTIMIZATION_LEVEL = "-Onone";
			};
			name = Debug;
		};
		CB8622901DEE9FE7003B3EBB /* Release */ = {
			isa = XCBuildConfiguration;
			buildSettings = {
				ALWAYS_SEARCH_USER_PATHS = NO;
				CLANG_ANALYZER_NONNULL = YES;
				CLANG_CXX_LANGUAGE_STANDARD = "gnu++0x";
				CLANG_CXX_LIBRARY = "libc++";
				CLANG_ENABLE_MODULES = YES;
				CLANG_ENABLE_OBJC_ARC = YES;
				CLANG_WARN_BOOL_CONVERSION = YES;
				CLANG_WARN_CONSTANT_CONVERSION = YES;
				CLANG_WARN_DIRECT_OBJC_ISA_USAGE = YES_ERROR;
				CLANG_WARN_DOCUMENTATION_COMMENTS = YES;
				CLANG_WARN_EMPTY_BODY = YES;
				CLANG_WARN_ENUM_CONVERSION = YES;
				CLANG_WARN_INFINITE_RECURSION = YES;
				CLANG_WARN_INT_CONVERSION = YES;
				CLANG_WARN_OBJC_ROOT_CLASS = YES_ERROR;
				CLANG_WARN_SUSPICIOUS_MOVES = YES;
				CLANG_WARN_UNREACHABLE_CODE = YES;
				CLANG_WARN__DUPLICATE_METHOD_MATCH = YES;
				"CODE_SIGN_IDENTITY[sdk=iphoneos*]" = "iPhone Developer";
				COPY_PHASE_STRIP = NO;
				DEBUG_INFORMATION_FORMAT = "dwarf-with-dsym";
				ENABLE_NS_ASSERTIONS = NO;
				ENABLE_STRICT_OBJC_MSGSEND = YES;
				GCC_C_LANGUAGE_STANDARD = gnu99;
				GCC_NO_COMMON_BLOCKS = YES;
				GCC_WARN_64_TO_32_BIT_CONVERSION = YES;
				GCC_WARN_ABOUT_RETURN_TYPE = YES_ERROR;
				GCC_WARN_UNDECLARED_SELECTOR = YES;
				GCC_WARN_UNINITIALIZED_AUTOS = YES_AGGRESSIVE;
				GCC_WARN_UNUSED_FUNCTION = YES;
				GCC_WARN_UNUSED_VARIABLE = YES;
				IPHONEOS_DEPLOYMENT_TARGET = 10.0;
				MTL_ENABLE_DEBUG_INFO = NO;
				SDKROOT = iphoneos;
				SWIFT_OPTIMIZATION_LEVEL = "-Owholemodule";
				VALIDATE_PRODUCT = YES;
			};
			name = Release;
		};
		CB8622921DEE9FE7003B3EBB /* Debug */ = {
			isa = XCBuildConfiguration;
			buildSettings = {
				ASSETCATALOG_COMPILER_APPICON_NAME = AppIcon;
				INFOPLIST_FILE = CoreDataNew/Info.plist;
				LD_RUNPATH_SEARCH_PATHS = "$(inherited) @executable_path/Frameworks";
				PRODUCT_BUNDLE_IDENTIFIER = com.visa.CoreDataNew;
				PRODUCT_NAME = "$(TARGET_NAME)";
				SWIFT_VERSION = 3.0;
			};
			name = Debug;
		};
		CB8622931DEE9FE7003B3EBB /* Release */ = {
			isa = XCBuildConfiguration;
			buildSettings = {
				ASSETCATALOG_COMPILER_APPICON_NAME = AppIcon;
				INFOPLIST_FILE = CoreDataNew/Info.plist;
				LD_RUNPATH_SEARCH_PATHS = "$(inherited) @executable_path/Frameworks";
				PRODUCT_BUNDLE_IDENTIFIER = com.visa.CoreDataNew;
				PRODUCT_NAME = "$(TARGET_NAME)";
				SWIFT_VERSION = 3.0;
			};
			name = Release;
		};
/* End XCBuildConfiguration section */

/* Begin XCConfigurationList section */
		CB8622771DEE9FE6003B3EBB /* Build configuration list for PBXProject "CoreDataNew" */ = {
			isa = XCConfigurationList;
			buildConfigurations = (
				CB86228F1DEE9FE7003B3EBB /* Debug */,
				CB8622901DEE9FE7003B3EBB /* Release */,
			);
			defaultConfigurationIsVisible = 0;
			defaultConfigurationName = Release;
		};
		CB8622911DEE9FE7003B3EBB /* Build configuration list for PBXNativeTarget "CoreDataNew" */ = {
			isa = XCConfigurationList;
			buildConfigurations = (
				CB8622921DEE9FE7003B3EBB /* Debug */,
				CB8622931DEE9FE7003B3EBB /* Release */,
			);
			defaultConfigurationIsVisible = 0;
		};
/* End XCConfigurationList section */

/* Begin XCVersionGroup section */
		CB8622861DEE9FE7003B3EBB /* CoreDataNew.xcdatamodeld */ = {
			isa = XCVersionGroup;
			children = (
				CB8622871DEE9FE7003B3EBB /* CoreDataNew.xcdatamodel */,
			);
			currentVersion = CB8622871DEE9FE7003B3EBB /* CoreDataNew.xcdatamodel */;
			path = CoreDataNew.xcdatamodeld;
			sourceTree = "<group>";
			versionGroupType = wrapper.xcdatamodel;
		};
/* End XCVersionGroup section */
	};
	rootObject = CB8622741DEE9FE6003B3EBB /* Project object */;
}
